// !$*UTF8*$!
{
	archiveVersion = 1;
	classes = {
	};
	objectVersion = 50;
	objects = {

/* Begin PBXBuildFile section */
		2EC2F9D40FA765124B586339 /* Pods_swift_TestTests.framework in Frameworks */ = {isa = PBXBuildFile; fileRef = 30E2DA5AD2671098AFAB1150 /* Pods_swift_TestTests.framework */; };
		BC0A56EA219524DE001D0928 /* AppDelegate.swift in Sources */ = {isa = PBXBuildFile; fileRef = BC0A56E9219524DE001D0928 /* AppDelegate.swift */; };
		BC0A56EC219524DE001D0928 /* ViewController.swift in Sources */ = {isa = PBXBuildFile; fileRef = BC0A56EB219524DE001D0928 /* ViewController.swift */; };
		BC0A56EF219524DE001D0928 /* Main.storyboard in Resources */ = {isa = PBXBuildFile; fileRef = BC0A56ED219524DE001D0928 /* Main.storyboard */; };
		BC0A56F1219524E0001D0928 /* Assets.xcassets in Resources */ = {isa = PBXBuildFile; fileRef = BC0A56F0219524E0001D0928 /* Assets.xcassets */; };
		BC0A56F4219524E0001D0928 /* LaunchScreen.storyboard in Resources */ = {isa = PBXBuildFile; fileRef = BC0A56F2219524E0001D0928 /* LaunchScreen.storyboard */; };
		BC0A56FF219524E0001D0928 /* swift_TestTests.swift in Sources */ = {isa = PBXBuildFile; fileRef = BC0A56FE219524E0001D0928 /* swift_TestTests.swift */; };
		BC0A570A219524E0001D0928 /* swift_TestUITests.swift in Sources */ = {isa = PBXBuildFile; fileRef = BC0A5709219524E0001D0928 /* swift_TestUITests.swift */; };
		C380DDCEB7D81489A02B9FC3 /* Pods_swift_TestUITests.framework in Frameworks */ = {isa = PBXBuildFile; fileRef = B64683D4BA8B92DFAA6D495B /* Pods_swift_TestUITests.framework */; };
		C4CE6121A76F92EB3B99A7AC /* Pods_swift_Test.framework in Frameworks */ = {isa = PBXBuildFile; fileRef = 1B9108E21D89121818E3054C /* Pods_swift_Test.framework */; };
/* End PBXBuildFile section */

/* Begin PBXContainerItemProxy section */
		BC0A56FB219524E0001D0928 /* PBXContainerItemProxy */ = {
			isa = PBXContainerItemProxy;
			containerPortal = BC0A56DE219524DE001D0928 /* Project object */;
			proxyType = 1;
			remoteGlobalIDString = BC0A56E5219524DE001D0928;
			remoteInfo = "swift-Test";
		};
		BC0A5706219524E0001D0928 /* PBXContainerItemProxy */ = {
			isa = PBXContainerItemProxy;
			containerPortal = BC0A56DE219524DE001D0928 /* Project object */;
			proxyType = 1;
			remoteGlobalIDString = BC0A56E5219524DE001D0928;
			remoteInfo = "swift-Test";
		};
/* End PBXContainerItemProxy section */

/* Begin PBXFileReference section */
		1B9108E21D89121818E3054C /* Pods_swift_Test.framework */ = {isa = PBXFileReference; explicitFileType = wrapper.framework; includeInIndex = 0; path = Pods_swift_Test.framework; sourceTree = BUILT_PRODUCTS_DIR; };
		30E2DA5AD2671098AFAB1150 /* Pods_swift_TestTests.framework */ = {isa = PBXFileReference; explicitFileType = wrapper.framework; includeInIndex = 0; path = Pods_swift_TestTests.framework; sourceTree = BUILT_PRODUCTS_DIR; };
		3EBB0DA524B26AE057FFF507 /* Pods-swift-Test.release.xcconfig */ = {isa = PBXFileReference; includeInIndex = 1; lastKnownFileType = text.xcconfig; name = "Pods-swift-Test.release.xcconfig"; path = "Pods/Target Support Files/Pods-swift-Test/Pods-swift-Test.release.xcconfig"; sourceTree = "<group>"; };
		4790E729E91532CAAA1ABCF4 /* Pods-swift-TestTests.debug.xcconfig */ = {isa = PBXFileReference; includeInIndex = 1; lastKnownFileType = text.xcconfig; name = "Pods-swift-TestTests.debug.xcconfig"; path = "Pods/Target Support Files/Pods-swift-TestTests/Pods-swift-TestTests.debug.xcconfig"; sourceTree = "<group>"; };
		6A8AAE72D2A53E9385878BCF /* Pods-swift-TestTests.release.xcconfig */ = {isa = PBXFileReference; includeInIndex = 1; lastKnownFileType = text.xcconfig; name = "Pods-swift-TestTests.release.xcconfig"; path = "Pods/Target Support Files/Pods-swift-TestTests/Pods-swift-TestTests.release.xcconfig"; sourceTree = "<group>"; };
		7A1B20B4B63AE0522EF82961 /* Pods-swift-TestUITests.debug.xcconfig */ = {isa = PBXFileReference; includeInIndex = 1; lastKnownFileType = text.xcconfig; name = "Pods-swift-TestUITests.debug.xcconfig"; path = "Pods/Target Support Files/Pods-swift-TestUITests/Pods-swift-TestUITests.debug.xcconfig"; sourceTree = "<group>"; };
		8C5B825307BD2DAF763AE759 /* Pods-swift-TestUITests.release.xcconfig */ = {isa = PBXFileReference; includeInIndex = 1; lastKnownFileType = text.xcconfig; name = "Pods-swift-TestUITests.release.xcconfig"; path = "Pods/Target Support Files/Pods-swift-TestUITests/Pods-swift-TestUITests.release.xcconfig"; sourceTree = "<group>"; };
		ABA85249AF44163C3A488DBF /* Pods-swift-Test.debug.xcconfig */ = {isa = PBXFileReference; includeInIndex = 1; lastKnownFileType = text.xcconfig; name = "Pods-swift-Test.debug.xcconfig"; path = "Pods/Target Support Files/Pods-swift-Test/Pods-swift-Test.debug.xcconfig"; sourceTree = "<group>"; };
		B64683D4BA8B92DFAA6D495B /* Pods_swift_TestUITests.framework */ = {isa = PBXFileReference; explicitFileType = wrapper.framework; includeInIndex = 0; path = Pods_swift_TestUITests.framework; sourceTree = BUILT_PRODUCTS_DIR; };
		BC0A56E6219524DE001D0928 /* swift-Test.app */ = {isa = PBXFileReference; explicitFileType = wrapper.application; includeInIndex = 0; path = "swift-Test.app"; sourceTree = BUILT_PRODUCTS_DIR; };
		BC0A56E9219524DE001D0928 /* AppDelegate.swift */ = {isa = PBXFileReference; lastKnownFileType = sourcecode.swift; path = AppDelegate.swift; sourceTree = "<group>"; };
		BC0A56EB219524DE001D0928 /* ViewController.swift */ = {isa = PBXFileReference; lastKnownFileType = sourcecode.swift; path = ViewController.swift; sourceTree = "<group>"; };
		BC0A56EE219524DE001D0928 /* Base */ = {isa = PBXFileReference; lastKnownFileType = file.storyboard; name = Base; path = Base.lproj/Main.storyboard; sourceTree = "<group>"; };
		BC0A56F0219524E0001D0928 /* Assets.xcassets */ = {isa = PBXFileReference; lastKnownFileType = folder.assetcatalog; path = Assets.xcassets; sourceTree = "<group>"; };
		BC0A56F3219524E0001D0928 /* Base */ = {isa = PBXFileReference; lastKnownFileType = file.storyboard; name = Base; path = Base.lproj/LaunchScreen.storyboard; sourceTree = "<group>"; };
		BC0A56F5219524E0001D0928 /* Info.plist */ = {isa = PBXFileReference; lastKnownFileType = text.plist.xml; path = Info.plist; sourceTree = "<group>"; };
		BC0A56FA219524E0001D0928 /* swift-TestTests.xctest */ = {isa = PBXFileReference; explicitFileType = wrapper.cfbundle; includeInIndex = 0; path = "swift-TestTests.xctest"; sourceTree = BUILT_PRODUCTS_DIR; };
		BC0A56FE219524E0001D0928 /* swift_TestTests.swift */ = {isa = PBXFileReference; lastKnownFileType = sourcecode.swift; path = swift_TestTests.swift; sourceTree = "<group>"; };
		BC0A5700219524E0001D0928 /* Info.plist */ = {isa = PBXFileReference; lastKnownFileType = text.plist.xml; path = Info.plist; sourceTree = "<group>"; };
		BC0A5705219524E0001D0928 /* swift-TestUITests.xctest */ = {isa = PBXFileReference; explicitFileType = wrapper.cfbundle; includeInIndex = 0; path = "swift-TestUITests.xctest"; sourceTree = BUILT_PRODUCTS_DIR; };
		BC0A5709219524E0001D0928 /* swift_TestUITests.swift */ = {isa = PBXFileReference; lastKnownFileType = sourcecode.swift; path = swift_TestUITests.swift; sourceTree = "<group>"; };
		BC0A570B219524E0001D0928 /* Info.plist */ = {isa = PBXFileReference; lastKnownFileType = text.plist.xml; path = Info.plist; sourceTree = "<group>"; };
/* End PBXFileReference section */

/* Begin PBXFrameworksBuildPhase section */
		BC0A56E3219524DE001D0928 /* Frameworks */ = {
			isa = PBXFrameworksBuildPhase;
			buildActionMask = 2147483647;
			files = (
				C4CE6121A76F92EB3B99A7AC /* Pods_swift_Test.framework in Frameworks */,
			);
			runOnlyForDeploymentPostprocessing = 0;
		};
		BC0A56F7219524E0001D0928 /* Frameworks */ = {
			isa = PBXFrameworksBuildPhase;
			buildActionMask = 2147483647;
			files = (
				2EC2F9D40FA765124B586339 /* Pods_swift_TestTests.framework in Frameworks */,
			);
			runOnlyForDeploymentPostprocessing = 0;
		};
		BC0A5702219524E0001D0928 /* Frameworks */ = {
			isa = PBXFrameworksBuildPhase;
			buildActionMask = 2147483647;
			files = (
				C380DDCEB7D81489A02B9FC3 /* Pods_swift_TestUITests.framework in Frameworks */,
			);
			runOnlyForDeploymentPostprocessing = 0;
		};
/* End PBXFrameworksBuildPhase section */

/* Begin PBXGroup section */
		3EEE191C9447465FB4A03C86 /* Frameworks */ = {
			isa = PBXGroup;
			children = (
				1B9108E21D89121818E3054C /* Pods_swift_Test.framework */,
				30E2DA5AD2671098AFAB1150 /* Pods_swift_TestTests.framework */,
				B64683D4BA8B92DFAA6D495B /* Pods_swift_TestUITests.framework */,
			);
			name = Frameworks;
			sourceTree = "<group>";
		};
		BC0A56DD219524DE001D0928 = {
			isa = PBXGroup;
			children = (
				BC0A56E8219524DE001D0928 /* swift-Test */,
				BC0A56FD219524E0001D0928 /* swift-TestTests */,
				BC0A5708219524E0001D0928 /* swift-TestUITests */,
				BC0A56E7219524DE001D0928 /* Products */,
				EDB127703C859D6158735F40 /* Pods */,
				3EEE191C9447465FB4A03C86 /* Frameworks */,
			);
			sourceTree = "<group>";
		};
		BC0A56E7219524DE001D0928 /* Products */ = {
			isa = PBXGroup;
			children = (
				BC0A56E6219524DE001D0928 /* swift-Test.app */,
				BC0A56FA219524E0001D0928 /* swift-TestTests.xctest */,
				BC0A5705219524E0001D0928 /* swift-TestUITests.xctest */,
			);
			name = Products;
			sourceTree = "<group>";
		};
		BC0A56E8219524DE001D0928 /* swift-Test */ = {
			isa = PBXGroup;
			children = (
				BC0A56E9219524DE001D0928 /* AppDelegate.swift */,
				BC0A56EB219524DE001D0928 /* ViewController.swift */,
				BC0A56ED219524DE001D0928 /* Main.storyboard */,
				BC0A56F0219524E0001D0928 /* Assets.xcassets */,
				BC0A56F2219524E0001D0928 /* LaunchScreen.storyboard */,
				BC0A56F5219524E0001D0928 /* Info.plist */,
			);
			path = "swift-Test";
			sourceTree = "<group>";
		};
		BC0A56FD219524E0001D0928 /* swift-TestTests */ = {
			isa = PBXGroup;
			children = (
				BC0A56FE219524E0001D0928 /* swift_TestTests.swift */,
				BC0A5700219524E0001D0928 /* Info.plist */,
			);
			path = "swift-TestTests";
			sourceTree = "<group>";
		};
		BC0A5708219524E0001D0928 /* swift-TestUITests */ = {
			isa = PBXGroup;
			children = (
				BC0A5709219524E0001D0928 /* swift_TestUITests.swift */,
				BC0A570B219524E0001D0928 /* Info.plist */,
			);
			path = "swift-TestUITests";
			sourceTree = "<group>";
		};
		EDB127703C859D6158735F40 /* Pods */ = {
			isa = PBXGroup;
			children = (
				ABA85249AF44163C3A488DBF /* Pods-swift-Test.debug.xcconfig */,
				3EBB0DA524B26AE057FFF507 /* Pods-swift-Test.release.xcconfig */,
				4790E729E91532CAAA1ABCF4 /* Pods-swift-TestTests.debug.xcconfig */,
				6A8AAE72D2A53E9385878BCF /* Pods-swift-TestTests.release.xcconfig */,
				7A1B20B4B63AE0522EF82961 /* Pods-swift-TestUITests.debug.xcconfig */,
				8C5B825307BD2DAF763AE759 /* Pods-swift-TestUITests.release.xcconfig */,
			);
			name = Pods;
			sourceTree = "<group>";
		};
/* End PBXGroup section */

/* Begin PBXNativeTarget section */
		BC0A56E5219524DE001D0928 /* swift-Test */ = {
			isa = PBXNativeTarget;
			buildConfigurationList = BC0A570E219524E0001D0928 /* Build configuration list for PBXNativeTarget "swift-Test" */;
			buildPhases = (
				995908DDAF2639A364312BA9 /* [CP] Check Pods Manifest.lock */,
				BC0A56E2219524DE001D0928 /* Sources */,
				BC0A56E3219524DE001D0928 /* Frameworks */,
				BC0A56E4219524DE001D0928 /* Resources */,
				1236A2484A9D22EF933DD60A /* [CP] Embed Pods Frameworks */,
			);
			buildRules = (
			);
			dependencies = (
			);
			name = "swift-Test";
			productName = "swift-Test";
			productReference = BC0A56E6219524DE001D0928 /* swift-Test.app */;
			productType = "com.apple.product-type.application";
		};
		BC0A56F9219524E0001D0928 /* swift-TestTests */ = {
			isa = PBXNativeTarget;
			buildConfigurationList = BC0A5711219524E0001D0928 /* Build configuration list for PBXNativeTarget "swift-TestTests" */;
			buildPhases = (
				BCF7328FC542EBE09A0AEC22 /* [CP] Check Pods Manifest.lock */,
				BC0A56F6219524E0001D0928 /* Sources */,
				BC0A56F7219524E0001D0928 /* Frameworks */,
				BC0A56F8219524E0001D0928 /* Resources */,
			);
			buildRules = (
			);
			dependencies = (
				BC0A56FC219524E0001D0928 /* PBXTargetDependency */,
			);
			name = "swift-TestTests";
			productName = "swift-TestTests";
			productReference = BC0A56FA219524E0001D0928 /* swift-TestTests.xctest */;
			productType = "com.apple.product-type.bundle.unit-test";
		};
		BC0A5704219524E0001D0928 /* swift-TestUITests */ = {
			isa = PBXNativeTarget;
			buildConfigurationList = BC0A5714219524E0001D0928 /* Build configuration list for PBXNativeTarget "swift-TestUITests" */;
			buildPhases = (
				418536E414137565FA0EC946 /* [CP] Check Pods Manifest.lock */,
				BC0A5701219524E0001D0928 /* Sources */,
				BC0A5702219524E0001D0928 /* Frameworks */,
				BC0A5703219524E0001D0928 /* Resources */,
			);
			buildRules = (
			);
			dependencies = (
				BC0A5707219524E0001D0928 /* PBXTargetDependency */,
			);
			name = "swift-TestUITests";
			productName = "swift-TestUITests";
			productReference = BC0A5705219524E0001D0928 /* swift-TestUITests.xctest */;
			productType = "com.apple.product-type.bundle.ui-testing";
		};
/* End PBXNativeTarget section */

/* Begin PBXProject section */
		BC0A56DE219524DE001D0928 /* Project object */ = {
			isa = PBXProject;
			attributes = {
				LastSwiftUpdateCheck = 0940;
				LastUpgradeCheck = 0940;
				ORGANIZATIONNAME = EasyRent;
				TargetAttributes = {
					BC0A56E5219524DE001D0928 = {
						CreatedOnToolsVersion = 9.4.1;
					};
					BC0A56F9219524E0001D0928 = {
						CreatedOnToolsVersion = 9.4.1;
						TestTargetID = BC0A56E5219524DE001D0928;
					};
					BC0A5704219524E0001D0928 = {
						CreatedOnToolsVersion = 9.4.1;
						TestTargetID = BC0A56E5219524DE001D0928;
					};
				};
			};
			buildConfigurationList = BC0A56E1219524DE001D0928 /* Build configuration list for PBXProject "swift-Test" */;
			compatibilityVersion = "Xcode 9.3";
			developmentRegion = en;
			hasScannedForEncodings = 0;
			knownRegions = (
				en,
				Base,
			);
			mainGroup = BC0A56DD219524DE001D0928;
			productRefGroup = BC0A56E7219524DE001D0928 /* Products */;
			projectDirPath = "";
			projectRoot = "";
			targets = (
				BC0A56E5219524DE001D0928 /* swift-Test */,
				BC0A56F9219524E0001D0928 /* swift-TestTests */,
				BC0A5704219524E0001D0928 /* swift-TestUITests */,
			);
		};
/* End PBXProject section */

/* Begin PBXResourcesBuildPhase section */
		BC0A56E4219524DE001D0928 /* Resources */ = {
			isa = PBXResourcesBuildPhase;
			buildActionMask = 2147483647;
			files = (
				BC0A56F4219524E0001D0928 /* LaunchScreen.storyboard in Resources */,
				BC0A56F1219524E0001D0928 /* Assets.xcassets in Resources */,
				BC0A56EF219524DE001D0928 /* Main.storyboard in Resources */,
			);
			runOnlyForDeploymentPostprocessing = 0;
		};
		BC0A56F8219524E0001D0928 /* Resources */ = {
			isa = PBXResourcesBuildPhase;
			buildActionMask = 2147483647;
			files = (
			);
			runOnlyForDeploymentPostprocessing = 0;
		};
		BC0A5703219524E0001D0928 /* Resources */ = {
			isa = PBXResourcesBuildPhase;
			buildActionMask = 2147483647;
			files = (
			);
			runOnlyForDeploymentPostprocessing = 0;
		};
/* End PBXResourcesBuildPhase section */

/* Begin PBXShellScriptBuildPhase section */
		1236A2484A9D22EF933DD60A /* [CP] Embed Pods Frameworks */ = {
			isa = PBXShellScriptBuildPhase;
			buildActionMask = 2147483647;
			files = (
			);
			inputPaths = (
				"${SRCROOT}/Pods/Target Support Files/Pods-swift-Test/Pods-swift-Test-frameworks.sh",
				"${BUILT_PRODUCTS_DIR}/SnapKit/SnapKit.framework",
			);
			name = "[CP] Embed Pods Frameworks";
			outputPaths = (
				"${TARGET_BUILD_DIR}/${FRAMEWORKS_FOLDER_PATH}/SnapKit.framework",
			);
			runOnlyForDeploymentPostprocessing = 0;
			shellPath = /bin/sh;
			shellScript = "\"${SRCROOT}/Pods/Target Support Files/Pods-swift-Test/Pods-swift-Test-frameworks.sh\"\n";
			showEnvVarsInLog = 0;
		};
		418536E414137565FA0EC946 /* [CP] Check Pods Manifest.lock */ = {
			isa = PBXShellScriptBuildPhase;
			buildActionMask = 2147483647;
			files = (
			);
			inputPaths = (
				"${PODS_PODFILE_DIR_PATH}/Podfile.lock",
				"${PODS_ROOT}/Manifest.lock",
			);
			name = "[CP] Check Pods Manifest.lock";
			outputPaths = (
				"$(DERIVED_FILE_DIR)/Pods-swift-TestUITests-checkManifestLockResult.txt",
			);
			runOnlyForDeploymentPostprocessing = 0;
			shellPath = /bin/sh;
			shellScript = "diff \"${PODS_PODFILE_DIR_PATH}/Podfile.lock\" \"${PODS_ROOT}/Manifest.lock\" > /dev/null\nif [ $? != 0 ] ; then\n    # print error to STDERR\n    echo \"error: The sandbox is not in sync with the Podfile.lock. Run 'pod install' or update your CocoaPods installation.\" >&2\n    exit 1\nfi\n# This output is used by Xcode 'outputs' to avoid re-running this script phase.\necho \"SUCCESS\" > \"${SCRIPT_OUTPUT_FILE_0}\"\n";
			showEnvVarsInLog = 0;
		};
		995908DDAF2639A364312BA9 /* [CP] Check Pods Manifest.lock */ = {
			isa = PBXShellScriptBuildPhase;
			buildActionMask = 2147483647;
			files = (
			);
			inputPaths = (
				"${PODS_PODFILE_DIR_PATH}/Podfile.lock",
				"${PODS_ROOT}/Manifest.lock",
			);
			name = "[CP] Check Pods Manifest.lock";
			outputPaths = (
				"$(DERIVED_FILE_DIR)/Pods-swift-Test-checkManifestLockResult.txt",
			);
			runOnlyForDeploymentPostprocessing = 0;
			shellPath = /bin/sh;
			shellScript = "diff \"${PODS_PODFILE_DIR_PATH}/Podfile.lock\" \"${PODS_ROOT}/Manifest.lock\" > /dev/null\nif [ $? != 0 ] ; then\n    # print error to STDERR\n    echo \"error: The sandbox is not in sync with the Podfile.lock. Run 'pod install' or update your CocoaPods installation.\" >&2\n    exit 1\nfi\n# This output is used by Xcode 'outputs' to avoid re-running this script phase.\necho \"SUCCESS\" > \"${SCRIPT_OUTPUT_FILE_0}\"\n";
			showEnvVarsInLog = 0;
		};
		BCF7328FC542EBE09A0AEC22 /* [CP] Check Pods Manifest.lock */ = {
			isa = PBXShellScriptBuildPhase;
			buildActionMask = 2147483647;
			files = (
			);
			inputPaths = (
				"${PODS_PODFILE_DIR_PATH}/Podfile.lock",
				"${PODS_ROOT}/Manifest.lock",
			);
			name = "[CP] Check Pods Manifest.lock";
			outputPaths = (
				"$(DERIVED_FILE_DIR)/Pods-swift-TestTests-checkManifestLockResult.txt",
			);
			runOnlyForDeploymentPostprocessing = 0;
			shellPath = /bin/sh;
			shellScript = "diff \"${PODS_PODFILE_DIR_PATH}/Podfile.lock\" \"${PODS_ROOT}/Manifest.lock\" > /dev/null\nif [ $? != 0 ] ; then\n    # print error to STDERR\n    echo \"error: The sandbox is not in sync with the Podfile.lock. Run 'pod install' or update your CocoaPods installation.\" >&2\n    exit 1\nfi\n# This output is used by Xcode 'outputs' to avoid re-running this script phase.\necho \"SUCCESS\" > \"${SCRIPT_OUTPUT_FILE_0}\"\n";
			showEnvVarsInLog = 0;
		};
/* End PBXShellScriptBuildPhase section */

/* Begin PBXSourcesBuildPhase section */
		BC0A56E2219524DE001D0928 /* Sources */ = {
			isa = PBXSourcesBuildPhase;
			buildActionMask = 2147483647;
			files = (
				BC0A56EC219524DE001D0928 /* ViewController.swift in Sources */,
				BC0A56EA219524DE001D0928 /* AppDelegate.swift in Sources */,
			);
			runOnlyForDeploymentPostprocessing = 0;
		};
		BC0A56F6219524E0001D0928 /* Sources */ = {
			isa = PBXSourcesBuildPhase;
			buildActionMask = 2147483647;
			files = (
				BC0A56FF219524E0001D0928 /* swift_TestTests.swift in Sources */,
			);
			runOnlyForDeploymentPostprocessing = 0;
		};
		BC0A5701219524E0001D0928 /* Sources */ = {
			isa = PBXSourcesBuildPhase;
			buildActionMask = 2147483647;
			files = (
				BC0A570A219524E0001D0928 /* swift_TestUITests.swift in Sources */,
			);
			runOnlyForDeploymentPostprocessing = 0;
		};
/* End PBXSourcesBuildPhase section */

/* Begin PBXTargetDependency section */
		BC0A56FC219524E0001D0928 /* PBXTargetDependency */ = {
			isa = PBXTargetDependency;
			target = BC0A56E5219524DE001D0928 /* swift-Test */;
			targetProxy = BC0A56FB219524E0001D0928 /* PBXContainerItemProxy */;
		};
		BC0A5707219524E0001D0928 /* PBXTargetDependency */ = {
			isa = PBXTargetDependency;
			target = BC0A56E5219524DE001D0928 /* swift-Test */;
			targetProxy = BC0A5706219524E0001D0928 /* PBXContainerItemProxy */;
		};
/* End PBXTargetDependency section */

/* Begin PBXVariantGroup section */
		BC0A56ED219524DE001D0928 /* Main.storyboard */ = {
			isa = PBXVariantGroup;
			children = (
				BC0A56EE219524DE001D0928 /* Base */,
			);
			name = Main.storyboard;
			sourceTree = "<group>";
		};
		BC0A56F2219524E0001D0928 /* LaunchScreen.storyboard */ = {
			isa = PBXVariantGroup;
			children = (
				BC0A56F3219524E0001D0928 /* Base */,
			);
			name = LaunchScreen.storyboard;
			sourceTree = "<group>";
		};
/* End PBXVariantGroup section */

/* Begin XCBuildConfiguration section */
		BC0A570C219524E0001D0928 /* Debug */ = {
			isa = XCBuildConfiguration;
			buildSettings = {
				ALWAYS_SEARCH_USER_PATHS = NO;
				CLANG_ANALYZER_NONNULL = YES;
				CLANG_ANALYZER_NUMBER_OBJECT_CONVERSION = YES_AGGRESSIVE;
				CLANG_CXX_LANGUAGE_STANDARD = "gnu++14";
				CLANG_CXX_LIBRARY = "libc++";
				CLANG_ENABLE_MODULES = YES;
				CLANG_ENABLE_OBJC_ARC = YES;
				CLANG_ENABLE_OBJC_WEAK = YES;
				CLANG_WARN_BLOCK_CAPTURE_AUTORELEASING = YES;
				CLANG_WARN_BOOL_CONVERSION = YES;
				CLANG_WARN_COMMA = YES;
				CLANG_WARN_CONSTANT_CONVERSION = YES;
				CLANG_WARN_DEPRECATED_OBJC_IMPLEMENTATIONS = YES;
				CLANG_WARN_DIRECT_OBJC_ISA_USAGE = YES_ERROR;
				CLANG_WARN_DOCUMENTATION_COMMENTS = YES;
				CLANG_WARN_EMPTY_BODY = YES;
				CLANG_WARN_ENUM_CONVERSION = YES;
				CLANG_WARN_INFINITE_RECURSION = YES;
				CLANG_WARN_INT_CONVERSION = YES;
				CLANG_WARN_NON_LITERAL_NULL_CONVERSION = YES;
				CLANG_WARN_OBJC_IMPLICIT_RETAIN_SELF = YES;
				CLANG_WARN_OBJC_LITERAL_CONVERSION = YES;
				CLANG_WARN_OBJC_ROOT_CLASS = YES_ERROR;
				CLANG_WARN_RANGE_LOOP_ANALYSIS = YES;
				CLANG_WARN_STRICT_PROTOTYPES = YES;
				CLANG_WARN_SUSPICIOUS_MOVE = YES;
				CLANG_WARN_UNGUARDED_AVAILABILITY = YES_AGGRESSIVE;
				CLANG_WARN_UNREACHABLE_CODE = YES;
				CLANG_WARN__DUPLICATE_METHOD_MATCH = YES;
				CODE_SIGN_IDENTITY = "iPhone Developer";
				COPY_PHASE_STRIP = NO;
				DEBUG_INFORMATION_FORMAT = dwarf;
				ENABLE_STRICT_OBJC_MSGSEND = YES;
				ENABLE_TESTABILITY = YES;
				GCC_C_LANGUAGE_STANDARD = gnu11;
				GCC_DYNAMIC_NO_PIC = NO;
				GCC_NO_COMMON_BLOCKS = YES;
				GCC_OPTIMIZATION_LEVEL = 0;
				GCC_PREPROCESSOR_DEFINITIONS = (
					"DEBUG=1",
					"$(inherited)",
				);
				GCC_WARN_64_TO_32_BIT_CONVERSION = YES;
				GCC_WARN_ABOUT_RETURN_TYPE = YES_ERROR;
				GCC_WARN_UNDECLARED_SELECTOR = YES;
				GCC_WARN_UNINITIALIZED_AUTOS = YES_AGGRESSIVE;
				GCC_WARN_UNUSED_FUNCTION = YES;
				GCC_WARN_UNUSED_VARIABLE = YES;
				IPHONEOS_DEPLOYMENT_TARGET = 11.4;
				MTL_ENABLE_DEBUG_INFO = YES;
				ONLY_ACTIVE_ARCH = YES;
				SDKROOT = iphoneos;
				SWIFT_ACTIVE_COMPILATION_CONDITIONS = DEBUG;
				SWIFT_OPTIMIZATION_LEVEL = "-Onone";
			};
			name = Debug;
		};
		BC0A570D219524E0001D0928 /* Release */ = {
			isa = XCBuildConfiguration;
			buildSettings = {
				ALWAYS_SEARCH_USER_PATHS = NO;
				CLANG_ANALYZER_NONNULL = YES;
				CLANG_ANALYZER_NUMBER_OBJECT_CONVERSION = YES_AGGRESSIVE;
				CLANG_CXX_LANGUAGE_STANDARD = "gnu++14";
				CLANG_CXX_LIBRARY = "libc++";
				CLANG_ENABLE_MODULES = YES;
				CLANG_ENABLE_OBJC_ARC = YES;
				CLANG_ENABLE_OBJC_WEAK = YES;
				CLANG_WARN_BLOCK_CAPTURE_AUTORELEASING = YES;
				CLANG_WARN_BOOL_CONVERSION = YES;
				CLANG_WARN_COMMA = YES;
				CLANG_WARN_CONSTANT_CONVERSION = YES;
				CLANG_WARN_DEPRECATED_OBJC_IMPLEMENTATIONS = YES;
				CLANG_WARN_DIRECT_OBJC_ISA_USAGE = YES_ERROR;
				CLANG_WARN_DOCUMENTATION_COMMENTS = YES;
				CLANG_WARN_EMPTY_BODY = YES;
				CLANG_WARN_ENUM_CONVERSION = YES;
				CLANG_WARN_INFINITE_RECURSION = YES;
				CLANG_WARN_INT_CONVERSION = YES;
				CLANG_WARN_NON_LITERAL_NULL_CONVERSION = YES;
				CLANG_WARN_OBJC_IMPLICIT_RETAIN_SELF = YES;
				CLANG_WARN_OBJC_LITERAL_CONVERSION = YES;
				CLANG_WARN_OBJC_ROOT_CLASS = YES_ERROR;
				CLANG_WARN_RANGE_LOOP_ANALYSIS = YES;
				CLANG_WARN_STRICT_PROTOTYPES = YES;
				CLANG_WARN_SUSPICIOUS_MOVE = YES;
				CLANG_WARN_UNGUARDED_AVAILABILITY = YES_AGGRESSIVE;
				CLANG_WARN_UNREACHABLE_CODE = YES;
				CLANG_WARN__DUPLICATE_METHOD_MATCH = YES;
				CODE_SIGN_IDENTITY = "iPhone Developer";
				COPY_PHASE_STRIP = NO;
				DEBUG_INFORMATION_FORMAT = "dwarf-with-dsym";
				ENABLE_NS_ASSERTIONS = NO;
				ENABLE_STRICT_OBJC_MSGSEND = YES;
				GCC_C_LANGUAGE_STANDARD = gnu11;
				GCC_NO_COMMON_BLOCKS = YES;
				GCC_WARN_64_TO_32_BIT_CONVERSION = YES;
				GCC_WARN_ABOUT_RETURN_TYPE = YES_ERROR;
				GCC_WARN_UNDECLARED_SELECTOR = YES;
				GCC_WARN_UNINITIALIZED_AUTOS = YES_AGGRESSIVE;
				GCC_WARN_UNUSED_FUNCTION = YES;
				GCC_WARN_UNUSED_VARIABLE = YES;
				IPHONEOS_DEPLOYMENT_TARGET = 11.4;
				MTL_ENABLE_DEBUG_INFO = NO;
				SDKROOT = iphoneos;
				SWIFT_COMPILATION_MODE = wholemodule;
				SWIFT_OPTIMIZATION_LEVEL = "-O";
				VALIDATE_PRODUCT = YES;
			};
			name = Release;
		};
		BC0A570F219524E0001D0928 /* Debug */ = {
			isa = XCBuildConfiguration;
			baseConfigurationReference = ABA85249AF44163C3A488DBF /* Pods-swift-Test.debug.xcconfig */;
			buildSettings = {
				ASSETCATALOG_COMPILER_APPICON_NAME = AppIcon;
				CODE_SIGN_STYLE = Automatic;
				DEVELOPMENT_TEAM = V2Q6ZMXYVN;
				INFOPLIST_FILE = "swift-Test/Info.plist";
				LD_RUNPATH_SEARCH_PATHS = "$(inherited) @executable_path/Frameworks";
				PRODUCT_BUNDLE_IDENTIFIER = "com.fuzamei.swift-Test";
				PRODUCT_NAME = "$(TARGET_NAME)";
				SWIFT_VERSION = 4.0;
				TARGETED_DEVICE_FAMILY = "1,2";
			};
			name = Debug;
		};
		BC0A5710219524E0001D0928 /* Release */ = {
			isa = XCBuildConfiguration;
			baseConfigurationReference = 3EBB0DA524B26AE057FFF507 /* Pods-swift-Test.release.xcconfig */;
			buildSettings = {
				ASSETCATALOG_COMPILER_APPICON_NAME = AppIcon;
				CODE_SIGN_STYLE = Automatic;
				DEVELOPMENT_TEAM = V2Q6ZMXYVN;
				INFOPLIST_FILE = "swift-Test/Info.plist";
				LD_RUNPATH_SEARCH_PATHS = "$(inherited) @executable_path/Frameworks";
				PRODUCT_BUNDLE_IDENTIFIER = "com.fuzamei.swift-Test";
				PRODUCT_NAME = "$(TARGET_NAME)";
				SWIFT_VERSION = 4.0;
				TARGETED_DEVICE_FAMILY = "1,2";
			};
			name = Release;
		};
		BC0A5712219524E0001D0928 /* Debug */ = {
			isa = XCBuildConfiguration;
			baseConfigurationReference = 4790E729E91532CAAA1ABCF4 /* Pods-swift-TestTests.debug.xcconfig */;
			buildSettings = {
				ALWAYS_EMBED_SWIFT_STANDARD_LIBRARIES = YES;
				BUNDLE_LOADER = "$(TEST_HOST)";
				CODE_SIGN_STYLE = Automatic;
				DEVELOPMENT_TEAM = V2Q6ZMXYVN;
				INFOPLIST_FILE = "swift-TestTests/Info.plist";
				LD_RUNPATH_SEARCH_PATHS = "$(inherited) @executable_path/Frameworks @loader_path/Frameworks";
				PRODUCT_BUNDLE_IDENTIFIER = "com.fuzamei.swift-TestTests";
				PRODUCT_NAME = "$(TARGET_NAME)";
				SWIFT_VERSION = 4.0;
				TARGETED_DEVICE_FAMILY = "1,2";
				TEST_HOST = "$(BUILT_PRODUCTS_DIR)/swift-Test.app/swift-Test";
			};
			name = Debug;
		};
		BC0A5713219524E0001D0928 /* Release */ = {
			isa = XCBuildConfiguration;
			baseConfigurationReference = 6A8AAE72D2A53E9385878BCF /* Pods-swift-TestTests.release.xcconfig */;
			buildSettings = {
				ALWAYS_EMBED_SWIFT_STANDARD_LIBRARIES = YES;
				BUNDLE_LOADER = "$(TEST_HOST)";
				CODE_SIGN_STYLE = Automatic;
				DEVELOPMENT_TEAM = V2Q6ZMXYVN;
				INFOPLIST_FILE = "swift-TestTests/Info.plist";
				LD_RUNPATH_SEARCH_PATHS = "$(inherited) @executable_path/Frameworks @loader_path/Frameworks";
				PRODUCT_BUNDLE_IDENTIFIER = "com.fuzamei.swift-TestTests";
				PRODUCT_NAME = "$(TARGET_NAME)";
				SWIFT_VERSION = 4.0;
				TARGETED_DEVICE_FAMILY = "1,2";
				TEST_HOST = "$(BUILT_PRODUCTS_DIR)/swift-Test.app/swift-Test";
			};
			name = Release;
		};
		BC0A5715219524E0001D0928 /* Debug */ = {
			isa = XCBuildConfiguration;
			baseConfigurationReference = 7A1B20B4B63AE0522EF82961 /* Pods-swift-TestUITests.debug.xcconfig */;
			buildSettings = {
				ALWAYS_EMBED_SWIFT_STANDARD_LIBRARIES = YES;
				CODE_SIGN_STYLE = Automatic;
				DEVELOPMENT_TEAM = V2Q6ZMXYVN;
				INFOPLIST_FILE = "swift-TestUITests/Info.plist";
				LD_RUNPATH_SEARCH_PATHS = "$(inherited) @executable_path/Frameworks @loader_path/Frameworks";
				PRODUCT_BUNDLE_IDENTIFIER = "com.fuzamei.swift-TestUITests";
				PRODUCT_NAME = "$(TARGET_NAME)";
				SWIFT_VERSION = 4.0;
				TARGETED_DEVICE_FAMILY = "1,2";
				TEST_TARGET_NAME = "swift-Test";
			};
			name = Debug;
		};
		BC0A5716219524E0001D0928 /* Release */ = {
			isa = XCBuildConfiguration;
			baseConfigurationReference = 8C5B825307BD2DAF763AE759 /* Pods-swift-TestUITests.release.xcconfig */;
			buildSettings = {
				ALWAYS_EMBED_SWIFT_STANDARD_LIBRARIES = YES;
				CODE_SIGN_STYLE = Automatic;
				DEVELOPMENT_TEAM = V2Q6ZMXYVN;
				INFOPLIST_FILE = "swift-TestUITests/Info.plist";
				LD_RUNPATH_SEARCH_PATHS = "$(inherited) @executable_path/Frameworks @loader_path/Frameworks";
				PRODUCT_BUNDLE_IDENTIFIER = "com.fuzamei.swift-TestUITests";
				PRODUCT_NAME = "$(TARGET_NAME)";
				SWIFT_VERSION = 4.0;
				TARGETED_DEVICE_FAMILY = "1,2";
				TEST_TARGET_NAME = "swift-Test";
			};
			name = Release;
		};
/* End XCBuildConfiguration section */

/* Begin XCConfigurationList section */
		BC0A56E1219524DE001D0928 /* Build configuration list for PBXProject "swift-Test" */ = {
			isa = XCConfigurationList;
			buildConfigurations = (
				BC0A570C219524E0001D0928 /* Debug */,
				BC0A570D219524E0001D0928 /* Release */,
			);
			defaultConfigurationIsVisible = 0;
			defaultConfigurationName = Release;
		};
		BC0A570E219524E0001D0928 /* Build configuration list for PBXNativeTarget "swift-Test" */ = {
			isa = XCConfigurationList;
			buildConfigurations = (
				BC0A570F219524E0001D0928 /* Debug */,
				BC0A5710219524E0001D0928 /* Release */,
			);
			defaultConfigurationIsVisible = 0;
			defaultConfigurationName = Release;
		};
		BC0A5711219524E0001D0928 /* Build configuration list for PBXNativeTarget "swift-TestTests" */ = {
			isa = XCConfigurationList;
			buildConfigurations = (
				BC0A5712219524E0001D0928 /* Debug */,
				BC0A5713219524E0001D0928 /* Release */,
			);
			defaultConfigurationIsVisible = 0;
			defaultConfigurationName = Release;
		};
		BC0A5714219524E0001D0928 /* Build configuration list for PBXNativeTarget "swift-TestUITests" */ = {
			isa = XCConfigurationList;
			buildConfigurations = (
				BC0A5715219524E0001D0928 /* Debug */,
				BC0A5716219524E0001D0928 /* Release */,
			);
			defaultConfigurationIsVisible = 0;
			defaultConfigurationName = Release;
		};
/* End XCConfigurationList section */
	};
	rootObject = BC0A56DE219524DE001D0928 /* Project object */;
}
